
Microsoft Visual Studio Solution File, Format Version 12.00
# Visual Studio Version 16
VisualStudioVersion = 16.0.29613.14
MinimumVisualStudioVersion = 10.0.40219.1
Project("{FAE04EC0-301F-11D3-BF4B-00C04F79EFBC}") = "Lesson3", "Lesson3.csproj", "{429F3376-4D1F-4F49-A5DC-214760D576FB}"
EndProject
Global
	GlobalSection(SolutionConfigurationPlatforms) = preSolution
		Debug|Any CPU = Debug|Any CPU
		Release|Any CPU = Release|Any CPU
	EndGlobalSection
	GlobalSection(ProjectConfigurationPlatforms) = postSolution
		{429F3376-4D1F-4F49-A5DC-214760D576FB}.Debug|Any CPU.ActiveCfg = Debug|Any CPU
		{429F3376-4D1F-4F49-A5DC-214760D576FB}.Debug|Any CPU.Build.0 = Debug|Any CPU
		{429F3376-4D1F-4F49-A5DC-214760D576FB}.Release|Any CPU.ActiveCfg = Release|Any CPU
		{429F3376-4D1F-4F49-A5DC-214760D576FB}.Release|Any CPU.Build.0 = Release|Any CPU
	EndGlobalSection
	GlobalSection(SolutionProperties) = preSolution
		HideSolutionNode = FALSE
	EndGlobalSection
	GlobalSection(ExtensibilityGlobals) = postSolution
		SolutionGuid = {4FB397F9-2EED-4CD5-93BD-BBF3EBD3476A}
	EndGlobalSection
EndGlobal
