
Microsoft Visual Studio Solution File, Format Version 12.00
# Visual Studio Version 16
VisualStudioVersion = 16.0.30804.86
MinimumVisualStudioVersion = 10.0.40219.1
Project("{FAE04EC0-301F-11D3-BF4B-00C04F79EFBC}") = "DataSenderAPI", "DataSenderAPI.csproj", "{23D133B0-D8EB-43B7-AF4E-23CE2BAE3C7E}"
EndProject
Global
	GlobalSection(SolutionConfigurationPlatforms) = preSolution
		Debug|Any CPU = Debug|Any CPU
		Release|Any CPU = Release|Any CPU
	EndGlobalSection
	GlobalSection(ProjectConfigurationPlatforms) = postSolution
		{23D133B0-D8EB-43B7-AF4E-23CE2BAE3C7E}.Debug|Any CPU.ActiveCfg = Debug|Any CPU
		{23D133B0-D8EB-43B7-AF4E-23CE2BAE3C7E}.Debug|Any CPU.Build.0 = Debug|Any CPU
		{23D133B0-D8EB-43B7-AF4E-23CE2BAE3C7E}.Release|Any CPU.ActiveCfg = Release|Any CPU
		{23D133B0-D8EB-43B7-AF4E-23CE2BAE3C7E}.Release|Any CPU.Build.0 = Release|Any CPU
	EndGlobalSection
	GlobalSection(SolutionProperties) = preSolution
		HideSolutionNode = FALSE
	EndGlobalSection
	GlobalSection(ExtensibilityGlobals) = postSolution
		SolutionGuid = {E57A582E-D5F4-433B-B92C-52DBA3C1D1F2}
	EndGlobalSection
EndGlobal
