
Microsoft Visual Studio Solution File, Format Version 12.00
# Visual Studio Version 16
VisualStudioVersion = 16.0.30413.136
MinimumVisualStudioVersion = 10.0.40219.1
Project("{FAE04EC0-301F-11D3-BF4B-00C04F79EFBC}") = "NewGroceryList", "NewGroceryList.csproj", "{2FEF4DE1-E830-453F-8636-405FFB934D7B}"
EndProject
Global
	GlobalSection(SolutionConfigurationPlatforms) = preSolution
		Debug|Any CPU = Debug|Any CPU
		Release|Any CPU = Release|Any CPU
	EndGlobalSection
	GlobalSection(ProjectConfigurationPlatforms) = postSolution
		{2FEF4DE1-E830-453F-8636-405FFB934D7B}.Debug|Any CPU.ActiveCfg = Debug|Any CPU
		{2FEF4DE1-E830-453F-8636-405FFB934D7B}.Debug|Any CPU.Build.0 = Debug|Any CPU
		{2FEF4DE1-E830-453F-8636-405FFB934D7B}.Release|Any CPU.ActiveCfg = Release|Any CPU
		{2FEF4DE1-E830-453F-8636-405FFB934D7B}.Release|Any CPU.Build.0 = Release|Any CPU
	EndGlobalSection
	GlobalSection(SolutionProperties) = preSolution
		HideSolutionNode = FALSE
	EndGlobalSection
	GlobalSection(ExtensibilityGlobals) = postSolution
		SolutionGuid = {C72A18FA-7A5E-4D7E-8633-009EABF67F3C}
	EndGlobalSection
EndGlobal
