
Microsoft Visual Studio Solution File, Format Version 12.00
# Visual Studio Version 16
VisualStudioVersion = 16.0.29613.14
MinimumVisualStudioVersion = 10.0.40219.1
Project("{FAE04EC0-301F-11D3-BF4B-00C04F79EFBC}") = "PCParentService", "PCParentService.csproj", "{A47A2707-4B7A-4C96-8238-7DE1F238F3FB}"
EndProject
Project("{FAE04EC0-301F-11D3-BF4B-00C04F79EFBC}") = "PCParentTestProject", "..\PCParentTestProject\PCParentTestProject.csproj", "{0A3EAA94-FB49-4548-9D2E-DEB25EDE0C73}"
EndProject
Global
	GlobalSection(SolutionConfigurationPlatforms) = preSolution
		Debug|Any CPU = Debug|Any CPU
		Release|Any CPU = Release|Any CPU
	EndGlobalSection
	GlobalSection(ProjectConfigurationPlatforms) = postSolution
		{A47A2707-4B7A-4C96-8238-7DE1F238F3FB}.Debug|Any CPU.ActiveCfg = Debug|Any CPU
		{A47A2707-4B7A-4C96-8238-7DE1F238F3FB}.Debug|Any CPU.Build.0 = Debug|Any CPU
		{A47A2707-4B7A-4C96-8238-7DE1F238F3FB}.Release|Any CPU.ActiveCfg = Release|Any CPU
		{A47A2707-4B7A-4C96-8238-7DE1F238F3FB}.Release|Any CPU.Build.0 = Release|Any CPU
		{0A3EAA94-FB49-4548-9D2E-DEB25EDE0C73}.Debug|Any CPU.ActiveCfg = Debug|Any CPU
		{0A3EAA94-FB49-4548-9D2E-DEB25EDE0C73}.Debug|Any CPU.Build.0 = Debug|Any CPU
		{0A3EAA94-FB49-4548-9D2E-DEB25EDE0C73}.Release|Any CPU.ActiveCfg = Release|Any CPU
		{0A3EAA94-FB49-4548-9D2E-DEB25EDE0C73}.Release|Any CPU.Build.0 = Release|Any CPU
	EndGlobalSection
	GlobalSection(SolutionProperties) = preSolution
		HideSolutionNode = FALSE
	EndGlobalSection
	GlobalSection(ExtensibilityGlobals) = postSolution
		SolutionGuid = {39552A9E-E1E1-4BDC-8F55-295D34784658}
	EndGlobalSection
EndGlobal
