
Microsoft Visual Studio Solution File, Format Version 12.00
# Visual Studio 15
VisualStudioVersion = 15.0.28010.2026
MinimumVisualStudioVersion = 10.0.40219.1
Project("{FAE04EC0-301F-11D3-BF4B-00C04F79EFBC}") = "SendTwilloCall", "SendTwilloCall\SendTwilloCall.csproj", "{81325581-6407-4BA6-B26A-8EBDCA5AEE91}"
EndProject
Global
	GlobalSection(SolutionConfigurationPlatforms) = preSolution
		Debug|Any CPU = Debug|Any CPU
		Release|Any CPU = Release|Any CPU
	EndGlobalSection
	GlobalSection(ProjectConfigurationPlatforms) = postSolution
		{81325581-6407-4BA6-B26A-8EBDCA5AEE91}.Debug|Any CPU.ActiveCfg = Debug|Any CPU
		{81325581-6407-4BA6-B26A-8EBDCA5AEE91}.Debug|Any CPU.Build.0 = Debug|Any CPU
		{81325581-6407-4BA6-B26A-8EBDCA5AEE91}.Release|Any CPU.ActiveCfg = Release|Any CPU
		{81325581-6407-4BA6-B26A-8EBDCA5AEE91}.Release|Any CPU.Build.0 = Release|Any CPU
	EndGlobalSection
	GlobalSection(SolutionProperties) = preSolution
		HideSolutionNode = FALSE
	EndGlobalSection
	GlobalSection(ExtensibilityGlobals) = postSolution
		SolutionGuid = {B589D9B5-5ECE-485B-B822-E5D299A771A7}
	EndGlobalSection
	GlobalSection(TeamFoundationVersionControl) = preSolution
		SccNumberOfProjects = 2
		SccEnterpriseProvider = {4CA58AB2-18FA-4F8D-95D4-32DDF27D184C}
		SccTeamFoundationServer = https://hortonrepo.visualstudio.com/
		SccLocalPath0 = .
		SccProjectUniqueName1 = SendTwilloCall\\SendTwilloCall.csproj
		SccProjectName1 = SendTwilloCall
		SccLocalPath1 = SendTwilloCall
	EndGlobalSection
EndGlobal
