
Microsoft Visual Studio Solution File, Format Version 12.00
# Visual Studio Version 16
VisualStudioVersion = 16.0.30804.86
MinimumVisualStudioVersion = 10.0.40219.1
Project("{FAE04EC0-301F-11D3-BF4B-00C04F79EFBC}") = "PersonAPI", "PersonAPI.csproj", "{A1C59621-EC4C-484F-935F-D19A7ECC7D4D}"
EndProject
Project("{FAE04EC0-301F-11D3-BF4B-00C04F79EFBC}") = "PersonAPITests", "..\PersonAPITests\PersonAPITests.csproj", "{C0020E3D-9184-4523-9C91-42AFFBAD0E6E}"
EndProject
Global
	GlobalSection(SolutionConfigurationPlatforms) = preSolution
		Debug|Any CPU = Debug|Any CPU
		Release|Any CPU = Release|Any CPU
	EndGlobalSection
	GlobalSection(ProjectConfigurationPlatforms) = postSolution
		{A1C59621-EC4C-484F-935F-D19A7ECC7D4D}.Debug|Any CPU.ActiveCfg = Debug|Any CPU
		{A1C59621-EC4C-484F-935F-D19A7ECC7D4D}.Debug|Any CPU.Build.0 = Debug|Any CPU
		{A1C59621-EC4C-484F-935F-D19A7ECC7D4D}.Release|Any CPU.ActiveCfg = Release|Any CPU
		{A1C59621-EC4C-484F-935F-D19A7ECC7D4D}.Release|Any CPU.Build.0 = Release|Any CPU
		{C0020E3D-9184-4523-9C91-42AFFBAD0E6E}.Debug|Any CPU.ActiveCfg = Debug|Any CPU
		{C0020E3D-9184-4523-9C91-42AFFBAD0E6E}.Debug|Any CPU.Build.0 = Debug|Any CPU
		{C0020E3D-9184-4523-9C91-42AFFBAD0E6E}.Release|Any CPU.ActiveCfg = Release|Any CPU
		{C0020E3D-9184-4523-9C91-42AFFBAD0E6E}.Release|Any CPU.Build.0 = Release|Any CPU
	EndGlobalSection
	GlobalSection(SolutionProperties) = preSolution
		HideSolutionNode = FALSE
	EndGlobalSection
	GlobalSection(ExtensibilityGlobals) = postSolution
		SolutionGuid = {D181B328-1C3D-4A2E-8689-6E993EDEEB61}
	EndGlobalSection
EndGlobal
