
Microsoft Visual Studio Solution File, Format Version 12.00
# Visual Studio Version 16
VisualStudioVersion = 16.0.31424.327
MinimumVisualStudioVersion = 10.0.40219.1
Project("{FAE04EC0-301F-11D3-BF4B-00C04F79EFBC}") = "TreeLogic", "TreeLogic.csproj", "{9DCA702C-C1FC-45A1-A21B-4AC0EB9C25B4}"
EndProject
Global
	GlobalSection(SolutionConfigurationPlatforms) = preSolution
		Debug|Any CPU = Debug|Any CPU
		Release|Any CPU = Release|Any CPU
	EndGlobalSection
	GlobalSection(ProjectConfigurationPlatforms) = postSolution
		{9DCA702C-C1FC-45A1-A21B-4AC0EB9C25B4}.Debug|Any CPU.ActiveCfg = Debug|Any CPU
		{9DCA702C-C1FC-45A1-A21B-4AC0EB9C25B4}.Debug|Any CPU.Build.0 = Debug|Any CPU
		{9DCA702C-C1FC-45A1-A21B-4AC0EB9C25B4}.Release|Any CPU.ActiveCfg = Release|Any CPU
		{9DCA702C-C1FC-45A1-A21B-4AC0EB9C25B4}.Release|Any CPU.Build.0 = Release|Any CPU
	EndGlobalSection
	GlobalSection(SolutionProperties) = preSolution
		HideSolutionNode = FALSE
	EndGlobalSection
	GlobalSection(ExtensibilityGlobals) = postSolution
		SolutionGuid = {388B8B67-E08F-446C-8A48-1471C5B494F0}
	EndGlobalSection
EndGlobal
