
Microsoft Visual Studio Solution File, Format Version 12.00
# Visual Studio Version 16
VisualStudioVersion = 16.0.31410.357
MinimumVisualStudioVersion = 10.0.40219.1
Project("{FAE04EC0-301F-11D3-BF4B-00C04F79EFBC}") = "GenericSolution", "GenericSolution.csproj", "{1AD887B9-9A3C-4B32-B803-F0CF3E276AA9}"
EndProject
Global
	GlobalSection(SolutionConfigurationPlatforms) = preSolution
		Debug|Any CPU = Debug|Any CPU
		Release|Any CPU = Release|Any CPU
	EndGlobalSection
	GlobalSection(ProjectConfigurationPlatforms) = postSolution
		{1AD887B9-9A3C-4B32-B803-F0CF3E276AA9}.Debug|Any CPU.ActiveCfg = Debug|Any CPU
		{1AD887B9-9A3C-4B32-B803-F0CF3E276AA9}.Debug|Any CPU.Build.0 = Debug|Any CPU
		{1AD887B9-9A3C-4B32-B803-F0CF3E276AA9}.Release|Any CPU.ActiveCfg = Release|Any CPU
		{1AD887B9-9A3C-4B32-B803-F0CF3E276AA9}.Release|Any CPU.Build.0 = Release|Any CPU
	EndGlobalSection
	GlobalSection(SolutionProperties) = preSolution
		HideSolutionNode = FALSE
	EndGlobalSection
	GlobalSection(ExtensibilityGlobals) = postSolution
		SolutionGuid = {FFB33437-A9CF-4496-8438-4388D8E4083D}
	EndGlobalSection
EndGlobal
