
Microsoft Visual Studio Solution File, Format Version 12.00
# Visual Studio Version 16
VisualStudioVersion = 16.0.30804.86
MinimumVisualStudioVersion = 10.0.40219.1
Project("{9A19103F-16F7-4668-BE54-9A1E7A4F7556}") = "HelloWorld", "HelloWorld.csproj", "{E8AEC85E-ACAC-486B-A646-9881B20141E1}"
EndProject
Project("{9A19103F-16F7-4668-BE54-9A1E7A4F7556}") = "HelloWorldTests", "..\HelloWorldTests\HelloWorldTests.csproj", "{6CE08B81-C7FB-4FF5-832B-196AE3E1029B}"
EndProject
Project("{9A19103F-16F7-4668-BE54-9A1E7A4F7556}") = "Hortography", "..\..\Hortography\Hortography.csproj", "{82B6CC6F-7154-427E-925F-7B0957E0AF8A}"
EndProject
Global
	GlobalSection(SolutionConfigurationPlatforms) = preSolution
		Debug|Any CPU = Debug|Any CPU
		Release|Any CPU = Release|Any CPU
	EndGlobalSection
	GlobalSection(ProjectConfigurationPlatforms) = postSolution
		{E8AEC85E-ACAC-486B-A646-9881B20141E1}.Debug|Any CPU.ActiveCfg = Debug|Any CPU
		{E8AEC85E-ACAC-486B-A646-9881B20141E1}.Debug|Any CPU.Build.0 = Debug|Any CPU
		{E8AEC85E-ACAC-486B-A646-9881B20141E1}.Release|Any CPU.ActiveCfg = Release|Any CPU
		{E8AEC85E-ACAC-486B-A646-9881B20141E1}.Release|Any CPU.Build.0 = Release|Any CPU
		{6CE08B81-C7FB-4FF5-832B-196AE3E1029B}.Debug|Any CPU.ActiveCfg = Debug|Any CPU
		{6CE08B81-C7FB-4FF5-832B-196AE3E1029B}.Debug|Any CPU.Build.0 = Debug|Any CPU
		{6CE08B81-C7FB-4FF5-832B-196AE3E1029B}.Release|Any CPU.ActiveCfg = Release|Any CPU
		{6CE08B81-C7FB-4FF5-832B-196AE3E1029B}.Release|Any CPU.Build.0 = Release|Any CPU
		{82B6CC6F-7154-427E-925F-7B0957E0AF8A}.Debug|Any CPU.ActiveCfg = Debug|Any CPU
		{82B6CC6F-7154-427E-925F-7B0957E0AF8A}.Debug|Any CPU.Build.0 = Debug|Any CPU
		{82B6CC6F-7154-427E-925F-7B0957E0AF8A}.Release|Any CPU.ActiveCfg = Release|Any CPU
		{82B6CC6F-7154-427E-925F-7B0957E0AF8A}.Release|Any CPU.Build.0 = Release|Any CPU
	EndGlobalSection
	GlobalSection(SolutionProperties) = preSolution
		HideSolutionNode = FALSE
	EndGlobalSection
	GlobalSection(ExtensibilityGlobals) = postSolution
		SolutionGuid = {2D0F6C6B-8597-491C-95BB-1A2A9ECD673D}
	EndGlobalSection
EndGlobal
