
Microsoft Visual Studio Solution File, Format Version 12.00
# Visual Studio Version 16
VisualStudioVersion = 16.0.30804.86
MinimumVisualStudioVersion = 10.0.40219.1
Project("{FAE04EC0-301F-11D3-BF4B-00C04F79EFBC}") = "DataMover", "DataMover.csproj", "{CE6E76C1-38C6-42F3-BC33-5337D035A500}"
EndProject
Global
	GlobalSection(SolutionConfigurationPlatforms) = preSolution
		Debug|Any CPU = Debug|Any CPU
		Release|Any CPU = Release|Any CPU
	EndGlobalSection
	GlobalSection(ProjectConfigurationPlatforms) = postSolution
		{CE6E76C1-38C6-42F3-BC33-5337D035A500}.Debug|Any CPU.ActiveCfg = Debug|Any CPU
		{CE6E76C1-38C6-42F3-BC33-5337D035A500}.Debug|Any CPU.Build.0 = Debug|Any CPU
		{CE6E76C1-38C6-42F3-BC33-5337D035A500}.Release|Any CPU.ActiveCfg = Release|Any CPU
		{CE6E76C1-38C6-42F3-BC33-5337D035A500}.Release|Any CPU.Build.0 = Release|Any CPU
	EndGlobalSection
	GlobalSection(SolutionProperties) = preSolution
		HideSolutionNode = FALSE
	EndGlobalSection
	GlobalSection(ExtensibilityGlobals) = postSolution
		SolutionGuid = {A88C3971-4748-4ADB-9710-57B78E13858F}
	EndGlobalSection
EndGlobal
