
Microsoft Visual Studio Solution File, Format Version 12.00
# Visual Studio Version 16
VisualStudioVersion = 16.0.28922.388
MinimumVisualStudioVersion = 10.0.40219.1
Project("{FAE04EC0-301F-11D3-BF4B-00C04F79EFBC}") = "UpdateEmails", "UpdateEmails\UpdateEmails.csproj", "{E50446A3-FA59-4FB8-A76C-AC8DEAAC964D}"
EndProject
Project("{2150E333-8FDC-42A3-9474-1A3956D46DE8}") = "Solution Items", "Solution Items", "{D3333EA1-6844-47AC-9971-C507EBF74C77}"
	ProjectSection(SolutionItems) = preProject
		DEVNotes.txt = DEVNotes.txt
	EndProjectSection
EndProject
Global
	GlobalSection(SolutionConfigurationPlatforms) = preSolution
		Debug|Any CPU = Debug|Any CPU
		Release|Any CPU = Release|Any CPU
	EndGlobalSection
	GlobalSection(ProjectConfigurationPlatforms) = postSolution
		{E50446A3-FA59-4FB8-A76C-AC8DEAAC964D}.Debug|Any CPU.ActiveCfg = Debug|Any CPU
		{E50446A3-FA59-4FB8-A76C-AC8DEAAC964D}.Debug|Any CPU.Build.0 = Debug|Any CPU
		{E50446A3-FA59-4FB8-A76C-AC8DEAAC964D}.Release|Any CPU.ActiveCfg = Release|Any CPU
		{E50446A3-FA59-4FB8-A76C-AC8DEAAC964D}.Release|Any CPU.Build.0 = Release|Any CPU
	EndGlobalSection
	GlobalSection(SolutionProperties) = preSolution
		HideSolutionNode = FALSE
	EndGlobalSection
	GlobalSection(ExtensibilityGlobals) = postSolution
		SolutionGuid = {8FA33699-25E5-46D1-B834-DEA957CA0C1A}
	EndGlobalSection
EndGlobal
