
Microsoft Visual Studio Solution File, Format Version 12.00
# Visual Studio Version 16
VisualStudioVersion = 16.0.31410.357
MinimumVisualStudioVersion = 10.0.40219.1
Project("{FAE04EC0-301F-11D3-BF4B-00C04F79EFBC}") = "LinqSandbox", "LinqSandbox.csproj", "{DABFCB92-C7DD-4EF3-BA4B-3AF924701D26}"
EndProject
Global
	GlobalSection(SolutionConfigurationPlatforms) = preSolution
		Debug|Any CPU = Debug|Any CPU
		Release|Any CPU = Release|Any CPU
	EndGlobalSection
	GlobalSection(ProjectConfigurationPlatforms) = postSolution
		{DABFCB92-C7DD-4EF3-BA4B-3AF924701D26}.Debug|Any CPU.ActiveCfg = Debug|Any CPU
		{DABFCB92-C7DD-4EF3-BA4B-3AF924701D26}.Debug|Any CPU.Build.0 = Debug|Any CPU
		{DABFCB92-C7DD-4EF3-BA4B-3AF924701D26}.Release|Any CPU.ActiveCfg = Release|Any CPU
		{DABFCB92-C7DD-4EF3-BA4B-3AF924701D26}.Release|Any CPU.Build.0 = Release|Any CPU
	EndGlobalSection
	GlobalSection(SolutionProperties) = preSolution
		HideSolutionNode = FALSE
	EndGlobalSection
	GlobalSection(ExtensibilityGlobals) = postSolution
		SolutionGuid = {4B83BBDA-8D92-4B74-A2BE-1C2DBFB9A10F}
	EndGlobalSection
EndGlobal
